PODS:
  - app_links (7.0.0):
    - Flutter
  - connectivity_plus (0.0.1):
    - Flutter
  - device_info_plus (0.0.1):
    - Flutter
  - Flutter (1.0.0)
  - flutter_webrtc (1.6.2):
    - Flutter
    - WebRTC-SDK (= 150.7871.01)
  - geolocator_apple (1.2.0):
    - Flutter
    - FlutterMacOS
  - image_picker_ios (0.0.1):
    - Flutter
  - livekit_client (2.13.0):
    - Flutter
    - flutter_webrtc
    - WebRTC-SDK (= 150.7871.01)
  - mapbox_maps_flutter (2.31.0):
    - Flutter
    - MapboxMaps (= 11.31.0)
    - Turf (= 4.0.0)
  - MapboxCommon (24.31.0):
    - Turf (= 4.0.0)
  - MapboxCoreMaps (11.31.0):
    - MapboxCommon (= 24.31.0)
  - MapboxMaps (11.31.0):
    - MapboxCommon (= 24.31.0)
    - MapboxCoreMaps (= 11.31.0)
    - Turf (= 4.0.0)
  - package_info_plus (0.4.5):
    - Flutter
  - purchases_flutter (10.13.1):
    - Flutter
    - PurchasesHybridCommon (= 19.2.0)
  - PurchasesHybridCommon (19.2.0):
    - RevenueCat (= 5.90.1)
  - RevenueCat (5.90.1)
  - shared_preferences_foundation (0.0.1):
    - Flutter
    - FlutterMacOS
  - Turf (4.0.0)
  - url_launcher_ios (0.0.1):
    - Flutter
  - WebRTC-SDK (150.7871.01)

DEPENDENCIES:
  - app_links (from `.symlinks/plugins/app_links/ios`)
  - connectivity_plus (from `.symlinks/plugins/connectivity_plus/ios`)
  - device_info_plus (from `.symlinks/plugins/device_info_plus/ios`)
  - Flutter (from `Flutter`)
  - flutter_webrtc (from `.symlinks/plugins/flutter_webrtc/ios`)
  - geolocator_apple (from `.symlinks/plugins/geolocator_apple/darwin`)
  - image_picker_ios (from `.symlinks/plugins/image_picker_ios/ios`)
  - livekit_client (from `.symlinks/plugins/livekit_client/ios`)
  - mapbox_maps_flutter (from `.symlinks/plugins/mapbox_maps_flutter/ios`)
  - package_info_plus (from `.symlinks/plugins/package_info_plus/ios`)
  - purchases_flutter (from `.symlinks/plugins/purchases_flutter/ios`)
  - shared_preferences_foundation (from `.symlinks/plugins/shared_preferences_foundation/darwin`)
  - url_launcher_ios (from `.symlinks/plugins/url_launcher_ios/ios`)

SPEC REPOS:
  trunk:
    - MapboxCommon
    - MapboxCoreMaps
    - MapboxMaps
    - PurchasesHybridCommon
    - RevenueCat
    - Turf
    - WebRTC-SDK

EXTERNAL SOURCES:
  app_links:
    :path: ".symlinks/plugins/app_links/ios"
  connectivity_plus:
    :path: ".symlinks/plugins/connectivity_plus/ios"
  device_info_plus:
    :path: ".symlinks/plugins/device_info_plus/ios"
  Flutter:
    :path: Flutter
  flutter_webrtc:
    :path: ".symlinks/plugins/flutter_webrtc/ios"
  geolocator_apple:
    :path: ".symlinks/plugins/geolocator_apple/darwin"
  image_picker_ios:
    :path: ".symlinks/plugins/image_picker_ios/ios"
  livekit_client:
    :path: ".symlinks/plugins/livekit_client/ios"
  mapbox_maps_flutter:
    :path: ".symlinks/plugins/mapbox_maps_flutter/ios"
  package_info_plus:
    :path: ".symlinks/plugins/package_info_plus/ios"
  purchases_flutter:
    :path: ".symlinks/plugins/purchases_flutter/ios"
  shared_preferences_foundation:
    :path: ".symlinks/plugins/shared_preferences_foundation/darwin"
  url_launcher_ios:
    :path: ".symlinks/plugins/url_launcher_ios/ios"

SPEC CHECKSUMS:
  app_links: a754cbec3c255bd4bbb4d236ecc06f28cd9a7ce8
  connectivity_plus: cb623214f4e1f6ef8fe7403d580fdad517d2f7dd
  device_info_plus: 21fcca2080fbcd348be798aa36c3e5ed849eefbe
  Flutter: 71a624a5bc0c04062bf19101d501e466baf2fb47
  flutter_webrtc: 99283145164f482a16bf7122ef407b5d59d43158
  geolocator_apple: ab36aa0e8b7d7a2d7639b3b4e48308394e8cef5e
  image_picker_ios: e0ece4aa2a75771a7de3fa735d26d90817041326
  livekit_client: 55f2f6afa597719985fa4913f6e889eb2b7eacd8
  mapbox_maps_flutter: 2a19d197b2f06d55857af92f04d0a0a5a3bb0576
  MapboxCommon: cc28b41df14f1de999550bc5040b4c33756f31ca
  MapboxCoreMaps: bc2056387df6ba1d85bf2cd26d53a5c04f611461
  MapboxMaps: ab7e1d900ee0f76f9e4ec70f02cb664412576ef9
  package_info_plus: af8e2ca6888548050f16fa2f1938db7b5a5df499
  purchases_flutter: e6d8940221d596f33a25f789a76b63d0ec8c0dd3
  PurchasesHybridCommon: d3ac1e960252e66c535d5bde6ac6dc7c9716d7eb
  RevenueCat: fafa0b7c0c2f6b04333f4a2c81624723c672f38e
  shared_preferences_foundation: 7036424c3d8ec98dfe75ff1667cb0cd531ec82bb
  Turf: c9eb11a65d96af58cac523460fd40fec5061b081
  url_launcher_ios: 7a95fa5b60cc718a708b8f2966718e93db0cef1b
  WebRTC-SDK: 7dc931c64c00c735a614382f1a59cf65019c3c17

PODFILE CHECKSUM: 28110be4f766e154dc3e044bc3b215d9bd8d9c4c

COCOAPODS: 1.16.2
